
Microsoft Visual Studio Solution File, Format Version 12.00
# Visual Studio 15
VisualStudioVersion = 15.0.28307.438
MinimumVisualStudioVersion = 10.0.40219.1
Project("{FAE04EC0-301F-11D3-BF4B-00C04F79EFBC}") = "Calculator", "Calculator\Calculator.csproj", "{FB8264B7-C25F-480C-BC69-843E2202EC68}"
EndProject
Global
	GlobalSection(SolutionConfigurationPlatforms) = preSolution
		Debug|Any CPU = Debug|Any CPU
		Release|Any CPU = Release|Any CPU
	EndGlobalSection
	GlobalSection(ProjectConfigurationPlatforms) = postSolution
		{FB8264B7-C25F-480C-BC69-843E2202EC68}.Debug|Any CPU.ActiveCfg = Debug|Any CPU
		{FB8264B7-C25F-480C-BC69-843E2202EC68}.Debug|Any CPU.Build.0 = Debug|Any CPU
		{FB8264B7-C25F-480C-BC69-843E2202EC68}.Release|Any CPU.ActiveCfg = Release|Any CPU
		{FB8264B7-C25F-480C-BC69-843E2202EC68}.Release|Any CPU.Build.0 = Release|Any CPU
	EndGlobalSection
	GlobalSection(SolutionProperties) = preSolution
		HideSolutionNode = FALSE
	EndGlobalSection
	GlobalSection(ExtensibilityGlobals) = postSolution
		SolutionGuid = {48FB2A1A-1C62-48D9-A4A7-8E69F3D262D3}
	EndGlobalSection
EndGlobal
